
Microsoft Visual Studio Solution File, Format Version 12.00
# Visual Studio 15
Project("{FAE04EC0-301F-11D3-BF4B-00C04F79EFBC}") = "ClockSyncTester", "ClockSyncTester\ClockSyncTester.csproj", "{64BAA110-6F0C-499B-9FB2-908F21AD7C22}"
EndProject
Project("{FAE04EC0-301F-11D3-BF4B-00C04F79EFBC}") = "ClockSyncServer", "ClockSyncServer\ClockSyncServer.csproj", "{89B0C18B-C9A6-40D1-9E0A-A65A3EDE2905}"
EndProject
Global
	GlobalSection(SolutionConfigurationPlatforms) = preSolution
		Debug|x86 = Debug|x86
		Release|x86 = Release|x86
		Debug|Any CPU = Debug|Any CPU
		Release|Any CPU = Release|Any CPU
	EndGlobalSection
	GlobalSection(ProjectConfigurationPlatforms) = postSolution
		{64BAA110-6F0C-499B-9FB2-908F21AD7C22}.Debug|Any CPU.ActiveCfg = Debug|Any CPU
		{64BAA110-6F0C-499B-9FB2-908F21AD7C22}.Debug|Any CPU.Build.0 = Debug|Any CPU
		{64BAA110-6F0C-499B-9FB2-908F21AD7C22}.Release|Any CPU.ActiveCfg = Release|Any CPU
		{64BAA110-6F0C-499B-9FB2-908F21AD7C22}.Release|Any CPU.Build.0 = Release|Any CPU
		{89B0C18B-C9A6-40D1-9E0A-A65A3EDE2905}.Debug|Any CPU.ActiveCfg = Debug|Any CPU
		{89B0C18B-C9A6-40D1-9E0A-A65A3EDE2905}.Debug|Any CPU.Build.0 = Debug|Any CPU
		{89B0C18B-C9A6-40D1-9E0A-A65A3EDE2905}.Release|Any CPU.ActiveCfg = Release|Any CPU
		{89B0C18B-C9A6-40D1-9E0A-A65A3EDE2905}.Release|Any CPU.Build.0 = Release|Any CPU
	EndGlobalSection
	GlobalSection(MonoDevelopProperties) = preSolution
		Policies = $0
		$0.DotNetNamingPolicy = $1
		$1.DirectoryNamespaceAssociation = PrefixedHierarchical
	EndGlobalSection
EndGlobal
